
Microsoft Visual Studio Solution File, Format Version 12.00
# Visual Studio 15
Project("{FAE04EC0-301F-11D3-BF4B-00C04F79EFBC}") = "Assembly-CSharp", "Assembly-CSharp.csproj", "{F6916AFE-6A86-26B6-6C3B-6D2CFB7E3CC2}"
EndProject
Project("{FAE04EC0-301F-11D3-BF4B-00C04F79EFBC}") = "Assembly-CSharp-Editor", "Assembly-CSharp-Editor.csproj", "{7FBC831B-FCD7-6615-0D6B-243FF303C14E}"
EndProject
Global
	GlobalSection(SolutionConfigurationPlatforms) = preSolution
		Debug|Any CPU = Debug|Any CPU
		Release|Any CPU = Release|Any CPU
	EndGlobalSection
	GlobalSection(ProjectConfigurationPlatforms) = postSolution
		{F6916AFE-6A86-26B6-6C3B-6D2CFB7E3CC2}.Debug|Any CPU.ActiveCfg = Debug|Any CPU
		{F6916AFE-6A86-26B6-6C3B-6D2CFB7E3CC2}.Debug|Any CPU.Build.0 = Debug|Any CPU
		{F6916AFE-6A86-26B6-6C3B-6D2CFB7E3CC2}.Release|Any CPU.ActiveCfg = Release|Any CPU
		{F6916AFE-6A86-26B6-6C3B-6D2CFB7E3CC2}.Release|Any CPU.Build.0 = Release|Any CPU
		{7FBC831B-FCD7-6615-0D6B-243FF303C14E}.Debug|Any CPU.ActiveCfg = Debug|Any CPU
		{7FBC831B-FCD7-6615-0D6B-243FF303C14E}.Debug|Any CPU.Build.0 = Debug|Any CPU
		{7FBC831B-FCD7-6615-0D6B-243FF303C14E}.Release|Any CPU.ActiveCfg = Release|Any CPU
		{7FBC831B-FCD7-6615-0D6B-243FF303C14E}.Release|Any CPU.Build.0 = Release|Any CPU
	EndGlobalSection
	GlobalSection(SolutionProperties) = preSolution
		HideSolutionNode = FALSE
	EndGlobalSection
EndGlobal
